
Microsoft Visual Studio Solution File, Format Version 12.00
# Visual Studio Version 17
VisualStudioVersion = 17.9.34622.214
MinimumVisualStudioVersion = 10.0.40219.1
Project("{FAE04EC0-301F-11D3-BF4B-00C04F79EFBC}") = "01_MainSubjects", "01_MainSubjects\01_MainSubjects.csproj", "{966DBA5A-E85B-4A06-AEBC-E17174126037}"
EndProject
Project("{FAE04EC0-301F-11D3-BF4B-00C04F79EFBC}") = "02_Variables", "02_Variables\02_Variables.csproj", "{14CB7687-6453-4BB4-8D83-BB70D90CE31E}"
EndProject
Project("{FAE04EC0-301F-11D3-BF4B-00C04F79EFBC}") = "03_MakingDesicion", "03_MakingDesicion\03_MakingDesicion.csproj", "{A58E8AC2-A190-4176-9FF4-C1DAAAC17F02}"
EndProject
Project("{FAE04EC0-301F-11D3-BF4B-00C04F79EFBC}") = "04_Loops", "04_Loops\04_Loops.csproj", "{F3CB4A9D-4C6C-4A31-960C-27EAE813BCF6}"
EndProject
Global
	GlobalSection(SolutionConfigurationPlatforms) = preSolution
		Debug|Any CPU = Debug|Any CPU
		Release|Any CPU = Release|Any CPU
	EndGlobalSection
	GlobalSection(ProjectConfigurationPlatforms) = postSolution
		{966DBA5A-E85B-4A06-AEBC-E17174126037}.Debug|Any CPU.ActiveCfg = Debug|Any CPU
		{966DBA5A-E85B-4A06-AEBC-E17174126037}.Debug|Any CPU.Build.0 = Debug|Any CPU
		{966DBA5A-E85B-4A06-AEBC-E17174126037}.Release|Any CPU.ActiveCfg = Release|Any CPU
		{966DBA5A-E85B-4A06-AEBC-E17174126037}.Release|Any CPU.Build.0 = Release|Any CPU
		{14CB7687-6453-4BB4-8D83-BB70D90CE31E}.Debug|Any CPU.ActiveCfg = Debug|Any CPU
		{14CB7687-6453-4BB4-8D83-BB70D90CE31E}.Debug|Any CPU.Build.0 = Debug|Any CPU
		{14CB7687-6453-4BB4-8D83-BB70D90CE31E}.Release|Any CPU.ActiveCfg = Release|Any CPU
		{14CB7687-6453-4BB4-8D83-BB70D90CE31E}.Release|Any CPU.Build.0 = Release|Any CPU
		{A58E8AC2-A190-4176-9FF4-C1DAAAC17F02}.Debug|Any CPU.ActiveCfg = Debug|Any CPU
		{A58E8AC2-A190-4176-9FF4-C1DAAAC17F02}.Debug|Any CPU.Build.0 = Debug|Any CPU
		{A58E8AC2-A190-4176-9FF4-C1DAAAC17F02}.Release|Any CPU.ActiveCfg = Release|Any CPU
		{A58E8AC2-A190-4176-9FF4-C1DAAAC17F02}.Release|Any CPU.Build.0 = Release|Any CPU
		{F3CB4A9D-4C6C-4A31-960C-27EAE813BCF6}.Debug|Any CPU.ActiveCfg = Debug|Any CPU
		{F3CB4A9D-4C6C-4A31-960C-27EAE813BCF6}.Debug|Any CPU.Build.0 = Debug|Any CPU
		{F3CB4A9D-4C6C-4A31-960C-27EAE813BCF6}.Release|Any CPU.ActiveCfg = Release|Any CPU
		{F3CB4A9D-4C6C-4A31-960C-27EAE813BCF6}.Release|Any CPU.Build.0 = Release|Any CPU
	EndGlobalSection
	GlobalSection(SolutionProperties) = preSolution
		HideSolutionNode = FALSE
	EndGlobalSection
	GlobalSection(ExtensibilityGlobals) = postSolution
		SolutionGuid = {549E6261-FCCB-434E-B29C-C41E292DAFD7}
	EndGlobalSection
EndGlobal
